
Microsoft Visual Studio Solution File, Format Version 12.00
# Visual Studio Version 16
VisualStudioVersion = 16.0.33328.57
MinimumVisualStudioVersion = 10.0.40219.1
Project("{8BC9CEB8-8B4A-11D0-8D11-00A0C91BC942}") = "BrickBreaker", "BrickBreaker.vcxproj", "{CC53F5AC-0236-4A53-B51C-68B58ED455F9}"
EndProject
Global
	GlobalSection(SolutionConfigurationPlatforms) = preSolution
		Debug|x64 = Debug|x64
		Debug|x86 = Debug|x86
		Release|x64 = Release|x64
		Release|x86 = Release|x86
	EndGlobalSection
	GlobalSection(ProjectConfigurationPlatforms) = postSolution
		{CC53F5AC-0236-4A53-B51C-68B58ED455F9}.Debug|x64.ActiveCfg = Debug|x64
		{CC53F5AC-0236-4A53-B51C-68B58ED455F9}.Debug|x64.Build.0 = Debug|x64
		{CC53F5AC-0236-4A53-B51C-68B58ED455F9}.Debug|x86.ActiveCfg = Debug|Win32
		{CC53F5AC-0236-4A53-B51C-68B58ED455F9}.Debug|x86.Build.0 = Debug|Win32
		{CC53F5AC-0236-4A53-B51C-68B58ED455F9}.Release|x64.ActiveCfg = Release|x64
		{CC53F5AC-0236-4A53-B51C-68B58ED455F9}.Release|x64.Build.0 = Release|x64
		{CC53F5AC-0236-4A53-B51C-68B58ED455F9}.Release|x86.ActiveCfg = Release|Win32
		{CC53F5AC-0236-4A53-B51C-68B58ED455F9}.Release|x86.Build.0 = Release|Win32
	EndGlobalSection
	GlobalSection(SolutionProperties) = preSolution
		HideSolutionNode = FALSE
	EndGlobalSection
	GlobalSection(ExtensibilityGlobals) = postSolution
		SolutionGuid = {3E774D72-0621-4665-82D5-44F30B5A4EE4}
	EndGlobalSection
EndGlobal
